// !$*UTF8*$!
{
	archiveVersion = 1;
	classes = {
	};
	objectVersion = 46;
	objects = {

/* Begin PBXBuildFile section */
		1B7C9B7819CF32E700FD416D /* main.c in Sources */ = {isa = PBXBuildFile; fileRef = 1B7C9B7719CF32E700FD416D /* main.c */; };
/* End PBXBuildFile section */

/* Begin PBXCopyFilesBuildPhase section */
		1B7C9B7219CF32E700FD416D /* CopyFiles */ = {
			isa = PBXCopyFilesBuildPhase;
			buildActionMask = 2147483647;
			dstPath = /usr/share/man/man1/;
			dstSubfolderSpec = 0;
			files = (
			);
			runOnlyForDeploymentPostprocessing = 1;
		};
/* End PBXCopyFilesBuildPhase section */

/* Begin PBXFileReference section */
		1B7C9B7419CF32E700FD416D /* 6064 */ = {isa = PBXFileReference; explicitFileType = "compiled.mach-o.executable"; includeInIndex = 0; path = 6064; sourceTree = BUILT_PRODUCTS_DIR; };
		1B7C9B7719CF32E700FD416D /* main.c */ = {isa = PBXFileReference; lastKnownFileType = sourcecode.c.c; path = main.c; sourceTree = "<group>"; };
/* End PBXFileReference section */

/* Begin PBXFrameworksBuildPhase section */
		1B7C9B7119CF32E700FD416D /* Frameworks */ = {
			isa = PBXFrameworksBuildPhase;
			buildActionMask = 2147483647;
			files = (
			);
			runOnlyForDeploymentPostprocessing = 0;
		};
/* End PBXFrameworksBuildPhase section */

/* Begin PBXGroup section */
		1B7C9B6B19CF32E700FD416D = {
			isa = PBXGroup;
			children = (
				1B7C9B7619CF32E700FD416D /* 6064 */,
				1B7C9B7519CF32E700FD416D /* Products */,
			);
			sourceTree = "<group>";
		};
		1B7C9B7519CF32E700FD416D /* Products */ = {
			isa = PBXGroup;
			children = (
				1B7C9B7419CF32E700FD416D /* 6064 */,
			);
			name = Products;
			sourceTree = "<group>";
		};
		1B7C9B7619CF32E700FD416D /* 6064 */ = {
			isa = PBXGroup;
			children = (
				1B7C9B7719CF32E700FD416D /* main.c */,
			);
			path = 6064;
			sourceTree = "<group>";
		};
/* End PBXGroup section */

/* Begin PBXNativeTarget section */
		1B7C9B7319CF32E700FD416D /* 6064 */ = {
			isa = PBXNativeTarget;
			buildConfigurationList = 1B7C9B7B19CF32E700FD416D /* Build configuration list for PBXNativeTarget "6064" */;
			buildPhases = (
				1B7C9B7019CF32E700FD416D /* Sources */,
				1B7C9B7119CF32E700FD416D /* Frameworks */,
				1B7C9B7219CF32E700FD416D /* CopyFiles */,
			);
			buildRules = (
			);
			dependencies = (
			);
			name = 6064;
			productName = 6064;
			productReference = 1B7C9B7419CF32E700FD416D /* 6064 */;
			productType = "com.apple.product-type.tool";
		};
/* End PBXNativeTarget section */

/* Begin PBXProject section */
		1B7C9B6C19CF32E700FD416D /* Project object */ = {
			isa = PBXProject;
			attributes = {
				LastUpgradeCheck = 0600;
				ORGANIZATIONNAME = "Yoonseung Choi";
				TargetAttributes = {
					1B7C9B7319CF32E700FD416D = {
						CreatedOnToolsVersion = 6.0;
					};
				};
			};
			buildConfigurationList = 1B7C9B6F19CF32E700FD416D /* Build configuration list for PBXProject "6064" */;
			compatibilityVersion = "Xcode 3.2";
			developmentRegion = English;
			hasScannedForEncodings = 0;
			knownRegions = (
				en,
			);
			mainGroup = 1B7C9B6B19CF32E700FD416D;
			productRefGroup = 1B7C9B7519CF32E700FD416D /* Products */;
			projectDirPath = "";
			projectRoot = "";
			targets = (
				1B7C9B7319CF32E700FD416D /* 6064 */,
			);
		};
/* End PBXProject section */

/* Begin PBXSourcesBuildPhase section */
		1B7C9B7019CF32E700FD416D /* Sources */ = {
			isa = PBXSourcesBuildPhase;
			buildActionMask = 2147483647;
			files = (
				1B7C9B7819CF32E700FD416D /* main.c in Sources */,
			);
			runOnlyForDeploymentPostprocessing = 0;
		};
/* End PBXSourcesBuildPhase section */

/* Begin XCBuildConfiguration section */
		1B7C9B7919CF32E700FD416D /* Debug */ = {
			isa = XCBuildConfiguration;
			buildSettings = {
				ALWAYS_SEARCH_USER_PATHS = NO;
				CLANG_CXX_LANGUAGE_STANDARD = "gnu++0x";
				CLANG_CXX_LIBRARY = "libc++";
				CLANG_ENABLE_MODULES = YES;
				CLANG_ENABLE_OBJC_ARC = YES;
				CLANG_WARN_BOOL_CONVERSION = YES;
				CLANG_WARN_CONSTANT_CONVERSION = YES;
				CLANG_WARN_DIRECT_OBJC_ISA_USAGE = YES_ERROR;
				CLANG_WARN_EMPTY_BODY = YES;
				CLANG_WARN_ENUM_CONVERSION = YES;
				CLANG_WARN_INT_CONVERSION = YES;
				CLANG_WARN_OBJC_ROOT_CLASS = YES_ERROR;
				CLANG_WARN_UNREACHABLE_CODE = YES;
				CLANG_WARN__DUPLICATE_METHOD_MATCH = YES;
				COPY_PHASE_STRIP = NO;
				ENABLE_STRICT_OBJC_MSGSEND = YES;
				GCC_C_LANGUAGE_STANDARD = gnu99;
				GCC_DYNAMIC_NO_PIC = NO;
				GCC_OPTIMIZATION_LEVEL = 0;
				GCC_PREPROCESSOR_DEFINITIONS = (
					"DEBUG=1",
					"$(inherited)",
				);
				GCC_SYMBOLS_PRIVATE_EXTERN = NO;
				GCC_WARN_64_TO_32_BIT_CONVERSION = YES;
				GCC_WARN_ABOUT_RETURN_TYPE = YES_ERROR;
				GCC_WARN_UNDECLARED_SELECTOR = YES;
				GCC_WARN_UNINITIALIZED_AUTOS = YES_AGGRESSIVE;
				GCC_WARN_UNUSED_FUNCTION = YES;
				GCC_WARN_UNUSED_VARIABLE = YES;
				MACOSX_DEPLOYMENT_TARGET = 10.9;
				MTL_ENABLE_DEBUG_INFO = YES;
				ONLY_ACTIVE_ARCH = YES;
				SDKROOT = macosx;
			};
			name = Debug;
		};
		1B7C9B7A19CF32E700FD416D /* Release */ = {
			isa = XCBuildConfiguration;
			buildSettings = {
				ALWAYS_SEARCH_USER_PATHS = NO;
				CLANG_CXX_LANGUAGE_STANDARD = "gnu++0x";
				CLANG_CXX_LIBRARY = "libc++";
				CLANG_ENABLE_MODULES = YES;
				CLANG_ENABLE_OBJC_ARC = YES;
				CLANG_WARN_BOOL_CONVERSION = YES;
				CLANG_WARN_CONSTANT_CONVERSION = YES;
				CLANG_WARN_DIRECT_OBJC_ISA_USAGE = YES_ERROR;
				CLANG_WARN_EMPTY_BODY = YES;
				CLANG_WARN_ENUM_CONVERSION = YES;
				CLANG_WARN_INT_CONVERSION = YES;
				CLANG_WARN_OBJC_ROOT_CLASS = YES_ERROR;
				CLANG_WARN_UNREACHABLE_CODE = YES;
				CLANG_WARN__DUPLICATE_METHOD_MATCH = YES;
				COPY_PHASE_STRIP = YES;
				DEBUG_INFORMATION_FORMAT = "dwarf-with-dsym";
				ENABLE_NS_ASSERTIONS = NO;
				ENABLE_STRICT_OBJC_MSGSEND = YES;
				GCC_C_LANGUAGE_STANDARD = gnu99;
				GCC_WARN_64_TO_32_BIT_CONVERSION = YES;
				GCC_WARN_ABOUT_RETURN_TYPE = YES_ERROR;
				GCC_WARN_UNDECLARED_SELECTOR = YES;
				GCC_WARN_UNINITIALIZED_AUTOS = YES_AGGRESSIVE;
				GCC_WARN_UNUSED_FUNCTION = YES;
				GCC_WARN_UNUSED_VARIABLE = YES;
				MACOSX_DEPLOYMENT_TARGET = 10.9;
				MTL_ENABLE_DEBUG_INFO = NO;
				SDKROOT = macosx;
			};
			name = Release;
		};
		1B7C9B7C19CF32E700FD416D /* Debug */ = {
			isa = XCBuildConfiguration;
			buildSettings = {
				PRODUCT_NAME = "$(TARGET_NAME)";
			};
			name = Debug;
		};
		1B7C9B7D19CF32E700FD416D /* Release */ = {
			isa = XCBuildConfiguration;
			buildSettings = {
				PRODUCT_NAME = "$(TARGET_NAME)";
			};
			name = Release;
		};
/* End XCBuildConfiguration section */

/* Begin XCConfigurationList section */
		1B7C9B6F19CF32E700FD416D /* Build configuration list for PBXProject "6064" */ = {
			isa = XCConfigurationList;
			buildConfigurations = (
				1B7C9B7919CF32E700FD416D /* Debug */,
				1B7C9B7A19CF32E700FD416D /* Release */,
			);
			defaultConfigurationIsVisible = 0;
			defaultConfigurationName = Release;
		};
		1B7C9B7B19CF32E700FD416D /* Build configuration list for PBXNativeTarget "6064" */ = {
			isa = XCConfigurationList;
			buildConfigurations = (
				1B7C9B7C19CF32E700FD416D /* Debug */,
				1B7C9B7D19CF32E700FD416D /* Release */,
			);
			defaultConfigurationIsVisible = 0;
		};
/* End XCConfigurationList section */
	};
	rootObject = 1B7C9B6C19CF32E700FD416D /* Project object */;
}
